{
  "originHash" : "1cbf1bcbae1bacbd6ed206b58c76e8e657df44a5e5572f342fca039824bc562e",
  "pins" : [
    {
      "identity" : "swift-syntax",
      "kind" : "remoteSourceControl",
      "location" : "https://github.com/swiftlang/swift-syntax.git",
      "state" : {
        "revision" : "4799286537280063c85a32f09884cfbca301b1a1",
        "version" : "602.0.0"
      }
    },
    {
      "identity" : "swiftsourcekit",
      "kind" : "remoteSourceControl",
      "location" : "https://github.com/RoyalPineapple/SwiftSourceKit.git",
      "state" : {
        "revision" : "e71f4b141c13824ec977076166f0e4a01622f9a0",
        "version" : "0.0.1"
      }
    }
  ],
  "version" : 3
}
